PODS:
  - DGCharts (5.1.0):
    - DGCharts/Core (= 5.1.0)
  - DGCharts/Core (5.1.0)
  - Kingfisher (5.15.8):
    - Kingfisher/Core (= 5.15.8)
  - Kingfisher/Core (5.15.8)
  - lottie-ios (4.5.0)

DEPENDENCIES:
  - DGCharts
  - Kingfisher (~> 5.15)
  - lottie-ios

SPEC REPOS:
  trunk:
    - DGCharts
    - Kingfisher
    - lottie-ios

SPEC CHECKSUMS:
  DGCharts: 1c6daf585b6cfc78807af44ea690d357c410627f
  Kingfisher: a3c03d702433fa6cfedabb2bddbe076fb8f2e902
  lottie-ios: a881093fab623c467d3bce374367755c272bdd59

PODFILE CHECKSUM: 2b4e25a3db8a8419bcc7809644aa0075644cd1e5

COCOAPODS: 1.15.2
