// !$*UTF8*$!
{
	archiveVersion = 1;
	classes = {
	};
	objectVersion = 63;
	objects = {

/* Begin PBXBuildFile section */
		4512C34F2CC3577800DFE136 /* LaunchScreen.storyboard in Resources */ = {isa = PBXBuildFile; fileRef = 4512C3422CC3577700DFE136 /* LaunchScreen.storyboard */; };
		4512C3502CC3577800DFE136 /* Assets.xcassets in Resources */ = {isa = PBXBuildFile; fileRef = 4512C3402CC3577700DFE136 /* Assets.xcassets */; };
		4512C3512CC3577800DFE136 /* BMI.swift in Sources */ = {isa = PBXBuildFile; fileRef = 4512C34B2CC3577700DFE136 /* BMI.swift */; };
		4512C3522CC3577800DFE136 /* AppDelegate.swift in Sources */ = {isa = PBXBuildFile; fileRef = 4512C33F2CC3577700DFE136 /* AppDelegate.swift */; };
		4512C3532CC3577800DFE136 /* ProgressViewController.swift in Sources */ = {isa = PBXBuildFile; fileRef = 4512C3462CC3577700DFE136 /* ProgressViewController.swift */; };
		4512C3542CC3577800DFE136 /* CalculateViewController.swift in Sources */ = {isa = PBXBuildFile; fileRef = 4512C3442CC3577700DFE136 /* CalculateViewController.swift */; };
		4512C3552CC3577800DFE136 /* FastingViewController.swift in Sources */ = {isa = PBXBuildFile; fileRef = 4512C3452CC3577700DFE136 /* FastingViewController.swift */; };
		4512C3562CC3577800DFE136 /* WorkoutViewController.swift in Sources */ = {isa = PBXBuildFile; fileRef = 4512C3482CC3577700DFE136 /* WorkoutViewController.swift */; };
		4512C3572CC3577800DFE136 /* ResultViewController.swift in Sources */ = {isa = PBXBuildFile; fileRef = 4512C3472CC3577700DFE136 /* ResultViewController.swift */; };
		4512C3582CC3577800DFE136 /* CalculatorBrain.swift in Sources */ = {isa = PBXBuildFile; fileRef = 4512C34C2CC3577700DFE136 /* CalculatorBrain.swift */; };
		49472EF6182EDDFE2E69A634 /* Pods_KnowUrBMI.framework in Frameworks */ = {isa = PBXBuildFile; fileRef = CF63848534E1E4105173FF55 /* Pods_KnowUrBMI.framework */; };
/* End PBXBuildFile section */

/* Begin PBXCopyFilesBuildPhase section */
		456DB6002CC2E44C00BAE230 /* Embed Frameworks */ = {
			isa = PBXCopyFilesBuildPhase;
			buildActionMask = 2147483647;
			dstPath = "";
			dstSubfolderSpec = 10;
			files = (
			);
			name = "Embed Frameworks";
			runOnlyForDeploymentPostprocessing = 0;
		};
/* End PBXCopyFilesBuildPhase section */

/* Begin PBXFileReference section */
		01A7E81BD5582C02D569416C /* Pods-KnowUrBMI.debug.xcconfig */ = {isa = PBXFileReference; includeInIndex = 1; lastKnownFileType = text.xcconfig; name = "Pods-KnowUrBMI.debug.xcconfig"; path = "Target Support Files/Pods-KnowUrBMI/Pods-KnowUrBMI.debug.xcconfig"; sourceTree = "<group>"; };
		4512C33F2CC3577700DFE136 /* AppDelegate.swift */ = {isa = PBXFileReference; lastKnownFileType = sourcecode.swift; path = AppDelegate.swift; sourceTree = "<group>"; };
		4512C3402CC3577700DFE136 /* Assets.xcassets */ = {isa = PBXFileReference; lastKnownFileType = folder.assetcatalog; path = Assets.xcassets; sourceTree = "<group>"; };
		4512C3412CC3577700DFE136 /* Base */ = {isa = PBXFileReference; lastKnownFileType = file.storyboard; name = Base; path = LaunchScreen.storyboard; sourceTree = "<group>"; };
		4512C3442CC3577700DFE136 /* CalculateViewController.swift */ = {isa = PBXFileReference; lastKnownFileType = sourcecode.swift; path = CalculateViewController.swift; sourceTree = "<group>"; };
		4512C3452CC3577700DFE136 /* FastingViewController.swift */ = {isa = PBXFileReference; lastKnownFileType = sourcecode.swift; path = FastingViewController.swift; sourceTree = "<group>"; };
		4512C3462CC3577700DFE136 /* ProgressViewController.swift */ = {isa = PBXFileReference; lastKnownFileType = sourcecode.swift; path = ProgressViewController.swift; sourceTree = "<group>"; };
		4512C3472CC3577700DFE136 /* ResultViewController.swift */ = {isa = PBXFileReference; lastKnownFileType = sourcecode.swift; path = ResultViewController.swift; sourceTree = "<group>"; };
		4512C3482CC3577700DFE136 /* WorkoutViewController.swift */ = {isa = PBXFileReference; lastKnownFileType = sourcecode.swift; path = WorkoutViewController.swift; sourceTree = "<group>"; };
		4512C34A2CC3577700DFE136 /* Info.plist */ = {isa = PBXFileReference; lastKnownFileType = text.plist.xml; path = Info.plist; sourceTree = "<group>"; };
		4512C34B2CC3577700DFE136 /* BMI.swift */ = {isa = PBXFileReference; lastKnownFileType = sourcecode.swift; path = BMI.swift; sourceTree = "<group>"; };
		4512C34C2CC3577700DFE136 /* CalculatorBrain.swift */ = {isa = PBXFileReference; lastKnownFileType = sourcecode.swift; path = CalculatorBrain.swift; sourceTree = "<group>"; };
		CF63848534E1E4105173FF55 /* Pods_KnowUrBMI.framework */ = {isa = PBXFileReference; explicitFileType = wrapper.framework; includeInIndex = 0; path = Pods_KnowUrBMI.framework; sourceTree = BUILT_PRODUCTS_DIR; };
		ECB1E681DC9578826F4CEA53 /* Pods-KnowUrBMI.release.xcconfig */ = {isa = PBXFileReference; includeInIndex = 1; lastKnownFileType = text.xcconfig; name = "Pods-KnowUrBMI.release.xcconfig"; path = "Target Support Files/Pods-KnowUrBMI/Pods-KnowUrBMI.release.xcconfig"; sourceTree = "<group>"; };
		F36139CE2CBFC87800AC7BCD /* KnowUrBMI.app */ = {isa = PBXFileReference; explicitFileType = wrapper.application; includeInIndex = 0; path = KnowUrBMI.app; sourceTree = BUILT_PRODUCTS_DIR; };
/* End PBXFileReference section */

/* Begin PBXFrameworksBuildPhase section */
		F36139CB2CBFC87800AC7BCD /* Frameworks */ = {
			isa = PBXFrameworksBuildPhase;
			buildActionMask = 2147483647;
			files = (
				49472EF6182EDDFE2E69A634 /* Pods_KnowUrBMI.framework in Frameworks */,
			);
			runOnlyForDeploymentPostprocessing = 0;
		};
/* End PBXFrameworksBuildPhase section */

/* Begin PBXGroup section */
		220E53A0DFB245BA54E8FBF8 /* Frameworks */ = {
			isa = PBXGroup;
			children = (
				CF63848534E1E4105173FF55 /* Pods_KnowUrBMI.framework */,
			);
			name = Frameworks;
			sourceTree = "<group>";
		};
		4512C3432CC3577700DFE136 /* Base.lproj */ = {
			isa = PBXGroup;
			children = (
				4512C3422CC3577700DFE136 /* LaunchScreen.storyboard */,
			);
			path = Base.lproj;
			sourceTree = "<group>";
		};
		4512C3492CC3577700DFE136 /* Controllers */ = {
			isa = PBXGroup;
			children = (
				4512C3442CC3577700DFE136 /* CalculateViewController.swift */,
				4512C3452CC3577700DFE136 /* FastingViewController.swift */,
				4512C3462CC3577700DFE136 /* ProgressViewController.swift */,
				4512C3472CC3577700DFE136 /* ResultViewController.swift */,
				4512C3482CC3577700DFE136 /* WorkoutViewController.swift */,
			);
			path = Controllers;
			sourceTree = "<group>";
		};
		4512C34D2CC3577700DFE136 /* Model */ = {
			isa = PBXGroup;
			children = (
				4512C34B2CC3577700DFE136 /* BMI.swift */,
				4512C34C2CC3577700DFE136 /* CalculatorBrain.swift */,
			);
			path = Model;
			sourceTree = "<group>";
		};
		F166269BE1830E2BEBBEDD99 /* Pods */ = {
			isa = PBXGroup;
			children = (
				01A7E81BD5582C02D569416C /* Pods-KnowUrBMI.debug.xcconfig */,
				ECB1E681DC9578826F4CEA53 /* Pods-KnowUrBMI.release.xcconfig */,
			);
			name = Pods;
			path = Pods;
			sourceTree = "<group>";
		};
		F36139C52CBFC87800AC7BCD = {
			isa = PBXGroup;
			children = (
				F3613A282CBFC9D900AC7BCD /* KnowUrBMI */,
				F36139CF2CBFC87800AC7BCD /* Products */,
				F166269BE1830E2BEBBEDD99 /* Pods */,
				220E53A0DFB245BA54E8FBF8 /* Frameworks */,
			);
			sourceTree = "<group>";
		};
		F36139CF2CBFC87800AC7BCD /* Products */ = {
			isa = PBXGroup;
			children = (
				F36139CE2CBFC87800AC7BCD /* KnowUrBMI.app */,
			);
			name = Products;
			sourceTree = "<group>";
		};
		F3613A282CBFC9D900AC7BCD /* KnowUrBMI */ = {
			isa = PBXGroup;
			children = (
				4512C33F2CC3577700DFE136 /* AppDelegate.swift */,
				4512C3402CC3577700DFE136 /* Assets.xcassets */,
				4512C3432CC3577700DFE136 /* Base.lproj */,
				4512C3492CC3577700DFE136 /* Controllers */,
				4512C34A2CC3577700DFE136 /* Info.plist */,
				4512C34D2CC3577700DFE136 /* Model */,
			);
			path = KnowUrBMI;
			sourceTree = "<group>";
		};
/* End PBXGroup section */

/* Begin PBXNativeTarget section */
		F36139CD2CBFC87800AC7BCD /* KnowUrBMI */ = {
			isa = PBXNativeTarget;
			buildConfigurationList = F36139F72CBFC87B00AC7BCD /* Build configuration list for PBXNativeTarget "KnowUrBMI" */;
			buildPhases = (
				10419BB4D19E696BCCD98B50 /* [CP] Check Pods Manifest.lock */,
				F36139CA2CBFC87800AC7BCD /* Sources */,
				F36139CB2CBFC87800AC7BCD /* Frameworks */,
				F36139CC2CBFC87800AC7BCD /* Resources */,
				456DB6002CC2E44C00BAE230 /* Embed Frameworks */,
			);
			buildRules = (
			);
			dependencies = (
			);
			name = KnowUrBMI;
			productName = KnowUrBMI;
			productReference = F36139CE2CBFC87800AC7BCD /* KnowUrBMI.app */;
			productType = "com.apple.product-type.application";
		};
/* End PBXNativeTarget section */

/* Begin PBXProject section */
		F36139C62CBFC87800AC7BCD /* Project object */ = {
			isa = PBXProject;
			attributes = {
				BuildIndependentTargetsInParallel = 1;
				LastSwiftUpdateCheck = 1600;
				LastUpgradeCheck = 1600;
				TargetAttributes = {
					F36139CD2CBFC87800AC7BCD = {
						CreatedOnToolsVersion = 16.0;
					};
				};
			};
			buildConfigurationList = F36139C92CBFC87800AC7BCD /* Build configuration list for PBXProject "KnowUrBMI" */;
			compatibilityVersion = "Xcode 15.3";
			developmentRegion = en;
			hasScannedForEncodings = 0;
			knownRegions = (
				en,
				Base,
			);
			mainGroup = F36139C52CBFC87800AC7BCD;
			minimizedProjectReferenceProxies = 1;
			productRefGroup = F36139CF2CBFC87800AC7BCD /* Products */;
			projectDirPath = "";
			projectRoot = "";
			targets = (
				F36139CD2CBFC87800AC7BCD /* KnowUrBMI */,
			);
		};
/* End PBXProject section */

/* Begin PBXResourcesBuildPhase section */
		F36139CC2CBFC87800AC7BCD /* Resources */ = {
			isa = PBXResourcesBuildPhase;
			buildActionMask = 2147483647;
			files = (
				4512C34F2CC3577800DFE136 /* LaunchScreen.storyboard in Resources */,
				4512C3502CC3577800DFE136 /* Assets.xcassets in Resources */,
			);
			runOnlyForDeploymentPostprocessing = 0;
		};
/* End PBXResourcesBuildPhase section */

/* Begin PBXShellScriptBuildPhase section */
		10419BB4D19E696BCCD98B50 /* [CP] Check Pods Manifest.lock */ = {
			isa = PBXShellScriptBuildPhase;
			buildActionMask = 2147483647;
			files = (
			);
			inputFileListPaths = (
			);
			inputPaths = (
				"${PODS_PODFILE_DIR_PATH}/Podfile.lock",
				"${PODS_ROOT}/Manifest.lock",
			);
			name = "[CP] Check Pods Manifest.lock";
			outputFileListPaths = (
			);
			outputPaths = (
				"$(DERIVED_FILE_DIR)/Pods-KnowUrBMI-checkManifestLockResult.txt",
			);
			runOnlyForDeploymentPostprocessing = 0;
			shellPath = /bin/sh;
			shellScript = "diff \"${PODS_PODFILE_DIR_PATH}/Podfile.lock\" \"${PODS_ROOT}/Manifest.lock\" > /dev/null\nif [ $? != 0 ] ; then\n    # print error to STDERR\n    echo \"error: The sandbox is not in sync with the Podfile.lock. Run 'pod install' or update your CocoaPods installation.\" >&2\n    exit 1\nfi\n# This output is used by Xcode 'outputs' to avoid re-running this script phase.\necho \"SUCCESS\" > \"${SCRIPT_OUTPUT_FILE_0}\"\n";
			showEnvVarsInLog = 0;
		};
/* End PBXShellScriptBuildPhase section */

/* Begin PBXSourcesBuildPhase section */
		F36139CA2CBFC87800AC7BCD /* Sources */ = {
			isa = PBXSourcesBuildPhase;
			buildActionMask = 2147483647;
			files = (
				4512C3512CC3577800DFE136 /* BMI.swift in Sources */,
				4512C3522CC3577800DFE136 /* AppDelegate.swift in Sources */,
				4512C3532CC3577800DFE136 /* ProgressViewController.swift in Sources */,
				4512C3542CC3577800DFE136 /* CalculateViewController.swift in Sources */,
				4512C3552CC3577800DFE136 /* FastingViewController.swift in Sources */,
				4512C3562CC3577800DFE136 /* WorkoutViewController.swift in Sources */,
				4512C3572CC3577800DFE136 /* ResultViewController.swift in Sources */,
				4512C3582CC3577800DFE136 /* CalculatorBrain.swift in Sources */,
			);
			runOnlyForDeploymentPostprocessing = 0;
		};
/* End PBXSourcesBuildPhase section */

/* Begin PBXVariantGroup section */
		4512C3422CC3577700DFE136 /* LaunchScreen.storyboard */ = {
			isa = PBXVariantGroup;
			children = (
				4512C3412CC3577700DFE136 /* Base */,
			);
			name = LaunchScreen.storyboard;
			sourceTree = "<group>";
		};
/* End PBXVariantGroup section */

/* Begin XCBuildConfiguration section */
		F36139F82CBFC87B00AC7BCD /* Debug */ = {
			isa = XCBuildConfiguration;
			baseConfigurationReference = 01A7E81BD5582C02D569416C /* Pods-KnowUrBMI.debug.xcconfig */;
			buildSettings = {
				ASSETCATALOG_COMPILER_APPICON_NAME = AppIcon;
				ASSETCATALOG_COMPILER_GLOBAL_ACCENT_COLOR_NAME = AccentColor;
				CODE_SIGN_STYLE = Automatic;
				CURRENT_PROJECT_VERSION = 1;
				DEVELOPMENT_TEAM = T8C3BDQ5BW;
				FRAMEWORK_SEARCH_PATHS = "$(inherited)";
				"FRAMEWORK_SEARCH_PATHS[arch=*]" = "$(inherited)";
				GENERATE_INFOPLIST_FILE = YES;
				INFOPLIST_FILE = KnowUrBMI/Info.plist;
				INFOPLIST_KEY_UIApplicationSupportsIndirectInputEvents = YES;
				INFOPLIST_KEY_UILaunchStoryboardName = LaunchScreen;
				INFOPLIST_KEY_UISupportedInterfaceOrientations = UIInterfaceOrientationPortrait;
				LD_RUNPATH_SEARCH_PATHS = (
					"$(inherited)",
					"@executable_path/Frameworks",
				);
				MARKETING_VERSION = 1.0;
				PRODUCT_BUNDLE_IDENTIFIER = com.simphiwe.KnowUrBMI;
				PRODUCT_NAME = "$(TARGET_NAME)";
				SUPPORTED_PLATFORMS = "iphoneos iphonesimulator";
				SUPPORTS_MACCATALYST = NO;
				SUPPORTS_MAC_DESIGNED_FOR_IPHONE_IPAD = NO;
				SUPPORTS_XR_DESIGNED_FOR_IPHONE_IPAD = NO;
				SWIFT_EMIT_LOC_STRINGS = YES;
				SWIFT_VERSION = 5.0;
				"SYSTEM_FRAMEWORK_SEARCH_PATHS[arch=*]" = "$(BUILT_PRODUCTS_DIR)/PackageFrameworks";
				TARGETED_DEVICE_FAMILY = 1;
			};
			name = Debug;
		};
		F36139F92CBFC87B00AC7BCD /* Release */ = {
			isa = XCBuildConfiguration;
			baseConfigurationReference = ECB1E681DC9578826F4CEA53 /* Pods-KnowUrBMI.release.xcconfig */;
			buildSettings = {
				ASSETCATALOG_COMPILER_APPICON_NAME = AppIcon;
				ASSETCATALOG_COMPILER_GLOBAL_ACCENT_COLOR_NAME = AccentColor;
				CODE_SIGN_STYLE = Automatic;
				CURRENT_PROJECT_VERSION = 1;
				DEVELOPMENT_TEAM = T8C3BDQ5BW;
				FRAMEWORK_SEARCH_PATHS = "$(inherited)";
				"FRAMEWORK_SEARCH_PATHS[arch=*]" = "$(BUILT_PRODUCTS_DIR)/PackageFrameworks";
				GENERATE_INFOPLIST_FILE = YES;
				INFOPLIST_FILE = KnowUrBMI/Info.plist;
				INFOPLIST_KEY_UIApplicationSupportsIndirectInputEvents = YES;
				INFOPLIST_KEY_UILaunchStoryboardName = LaunchScreen;
				INFOPLIST_KEY_UISupportedInterfaceOrientations = UIInterfaceOrientationPortrait;
				LD_RUNPATH_SEARCH_PATHS = (
					"$(inherited)",
					"@executable_path/Frameworks",
				);
				MARKETING_VERSION = 1.0;
				PRODUCT_BUNDLE_IDENTIFIER = com.simphiwe.KnowUrBMI;
				PRODUCT_NAME = "$(TARGET_NAME)";
				SUPPORTED_PLATFORMS = "iphoneos iphonesimulator";
				SUPPORTS_MACCATALYST = NO;
				SUPPORTS_MAC_DESIGNED_FOR_IPHONE_IPAD = NO;
				SUPPORTS_XR_DESIGNED_FOR_IPHONE_IPAD = NO;
				SWIFT_EMIT_LOC_STRINGS = YES;
				SWIFT_VERSION = 5.0;
				"SYSTEM_FRAMEWORK_SEARCH_PATHS[arch=*]" = "$(BUILT_PRODUCTS_DIR)/PackageFrameworks";
				TARGETED_DEVICE_FAMILY = 1;
			};
			name = Release;
		};
		F36139FA2CBFC87B00AC7BCD /* Debug */ = {
			isa = XCBuildConfiguration;
			buildSettings = {
				ALWAYS_SEARCH_USER_PATHS = NO;
				ASSETCATALOG_COMPILER_GENERATE_SWIFT_ASSET_SYMBOL_EXTENSIONS = YES;
				CLANG_ANALYZER_NONNULL = YES;
				CLANG_ANALYZER_NUMBER_OBJECT_CONVERSION = YES_AGGRESSIVE;
				CLANG_CXX_LANGUAGE_STANDARD = "gnu++20";
				CLANG_ENABLE_MODULES = YES;
				CLANG_ENABLE_OBJC_ARC = YES;
				CLANG_ENABLE_OBJC_WEAK = YES;
				CLANG_WARN_BLOCK_CAPTURE_AUTORELEASING = YES;
				CLANG_WARN_BOOL_CONVERSION = YES;
				CLANG_WARN_COMMA = YES;
				CLANG_WARN_CONSTANT_CONVERSION = YES;
				CLANG_WARN_DEPRECATED_OBJC_IMPLEMENTATIONS = YES;
				CLANG_WARN_DIRECT_OBJC_ISA_USAGE = YES_ERROR;
				CLANG_WARN_DOCUMENTATION_COMMENTS = YES;
				CLANG_WARN_EMPTY_BODY = YES;
				CLANG_WARN_ENUM_CONVERSION = YES;
				CLANG_WARN_INFINITE_RECURSION = YES;
				CLANG_WARN_INT_CONVERSION = YES;
				CLANG_WARN_NON_LITERAL_NULL_CONVERSION = YES;
				CLANG_WARN_OBJC_IMPLICIT_RETAIN_SELF = YES;
				CLANG_WARN_OBJC_LITERAL_CONVERSION = YES;
				CLANG_WARN_OBJC_ROOT_CLASS = YES_ERROR;
				CLANG_WARN_QUOTED_INCLUDE_IN_FRAMEWORK_HEADER = YES;
				CLANG_WARN_RANGE_LOOP_ANALYSIS = YES;
				CLANG_WARN_STRICT_PROTOTYPES = YES;
				CLANG_WARN_SUSPICIOUS_MOVE = YES;
				CLANG_WARN_UNGUARDED_AVAILABILITY = YES_AGGRESSIVE;
				CLANG_WARN_UNREACHABLE_CODE = YES;
				CLANG_WARN__DUPLICATE_METHOD_MATCH = YES;
				COPY_PHASE_STRIP = NO;
				DEBUG_INFORMATION_FORMAT = dwarf;
				ENABLE_STRICT_OBJC_MSGSEND = YES;
				ENABLE_TESTABILITY = YES;
				ENABLE_USER_SCRIPT_SANDBOXING = YES;
				"FRAMEWORK_SEARCH_PATHS[arch=*]" = "$(BUILT_PRODUCTS_DIR)/PackageFrameworks";
				GCC_C_LANGUAGE_STANDARD = gnu17;
				GCC_DYNAMIC_NO_PIC = NO;
				GCC_NO_COMMON_BLOCKS = YES;
				GCC_OPTIMIZATION_LEVEL = 0;
				GCC_PREPROCESSOR_DEFINITIONS = (
					"DEBUG=1",
					"$(inherited)",
				);
				GCC_WARN_64_TO_32_BIT_CONVERSION = YES;
				GCC_WARN_ABOUT_RETURN_TYPE = YES_ERROR;
				GCC_WARN_UNDECLARED_SELECTOR = YES;
				GCC_WARN_UNINITIALIZED_AUTOS = YES_AGGRESSIVE;
				GCC_WARN_UNUSED_FUNCTION = YES;
				GCC_WARN_UNUSED_VARIABLE = YES;
				IPHONEOS_DEPLOYMENT_TARGET = 18.0;
				LOCALIZATION_PREFERS_STRING_CATALOGS = YES;
				MTL_ENABLE_DEBUG_INFO = INCLUDE_SOURCE;
				MTL_FAST_MATH = YES;
				ONLY_ACTIVE_ARCH = YES;
				SDKROOT = iphoneos;
				SWIFT_ACTIVE_COMPILATION_CONDITIONS = "DEBUG $(inherited)";
				SWIFT_OPTIMIZATION_LEVEL = "-Onone";
				"SYSTEM_FRAMEWORK_SEARCH_PATHS[arch=*]" = "$(BUILT_PRODUCTS_DIR)/PackageFrameworks";
			};
			name = Debug;
		};
		F36139FB2CBFC87B00AC7BCD /* Release */ = {
			isa = XCBuildConfiguration;
			buildSettings = {
				ALWAYS_SEARCH_USER_PATHS = NO;
				ASSETCATALOG_COMPILER_GENERATE_SWIFT_ASSET_SYMBOL_EXTENSIONS = YES;
				CLANG_ANALYZER_NONNULL = YES;
				CLANG_ANALYZER_NUMBER_OBJECT_CONVERSION = YES_AGGRESSIVE;
				CLANG_CXX_LANGUAGE_STANDARD = "gnu++20";
				CLANG_ENABLE_MODULES = YES;
				CLANG_ENABLE_OBJC_ARC = YES;
				CLANG_ENABLE_OBJC_WEAK = YES;
				CLANG_WARN_BLOCK_CAPTURE_AUTORELEASING = YES;
				CLANG_WARN_BOOL_CONVERSION = YES;
				CLANG_WARN_COMMA = YES;
				CLANG_WARN_CONSTANT_CONVERSION = YES;
				CLANG_WARN_DEPRECATED_OBJC_IMPLEMENTATIONS = YES;
				CLANG_WARN_DIRECT_OBJC_ISA_USAGE = YES_ERROR;
				CLANG_WARN_DOCUMENTATION_COMMENTS = YES;
				CLANG_WARN_EMPTY_BODY = YES;
				CLANG_WARN_ENUM_CONVERSION = YES;
				CLANG_WARN_INFINITE_RECURSION = YES;
				CLANG_WARN_INT_CONVERSION = YES;
				CLANG_WARN_NON_LITERAL_NULL_CONVERSION = YES;
				CLANG_WARN_OBJC_IMPLICIT_RETAIN_SELF = YES;
				CLANG_WARN_OBJC_LITERAL_CONVERSION = YES;
				CLANG_WARN_OBJC_ROOT_CLASS = YES_ERROR;
				CLANG_WARN_QUOTED_INCLUDE_IN_FRAMEWORK_HEADER = YES;
				CLANG_WARN_RANGE_LOOP_ANALYSIS = YES;
				CLANG_WARN_STRICT_PROTOTYPES = YES;
				CLANG_WARN_SUSPICIOUS_MOVE = YES;
				CLANG_WARN_UNGUARDED_AVAILABILITY = YES_AGGRESSIVE;
				CLANG_WARN_UNREACHABLE_CODE = YES;
				CLANG_WARN__DUPLICATE_METHOD_MATCH = YES;
				COPY_PHASE_STRIP = NO;
				DEBUG_INFORMATION_FORMAT = "dwarf-with-dsym";
				ENABLE_NS_ASSERTIONS = NO;
				ENABLE_STRICT_OBJC_MSGSEND = YES;
				ENABLE_USER_SCRIPT_SANDBOXING = YES;
				"FRAMEWORK_SEARCH_PATHS[arch=*]" = "$(BUILT_PRODUCTS_DIR)/PackageFrameworks";
				GCC_C_LANGUAGE_STANDARD = gnu17;
				GCC_NO_COMMON_BLOCKS = YES;
				GCC_WARN_64_TO_32_BIT_CONVERSION = YES;
				GCC_WARN_ABOUT_RETURN_TYPE = YES_ERROR;
				GCC_WARN_UNDECLARED_SELECTOR = YES;
				GCC_WARN_UNINITIALIZED_AUTOS = YES_AGGRESSIVE;
				GCC_WARN_UNUSED_FUNCTION = YES;
				GCC_WARN_UNUSED_VARIABLE = YES;
				IPHONEOS_DEPLOYMENT_TARGET = 18.0;
				LOCALIZATION_PREFERS_STRING_CATALOGS = YES;
				MTL_ENABLE_DEBUG_INFO = NO;
				MTL_FAST_MATH = YES;
				SDKROOT = iphoneos;
				SWIFT_COMPILATION_MODE = wholemodule;
				"SYSTEM_FRAMEWORK_SEARCH_PATHS[arch=*]" = "$(BUILT_PRODUCTS_DIR)/PackageFrameworks";
				VALIDATE_PRODUCT = YES;
			};
			name = Release;
		};
/* End XCBuildConfiguration section */

/* Begin XCConfigurationList section */
		F36139C92CBFC87800AC7BCD /* Build configuration list for PBXProject "KnowUrBMI" */ = {
			isa = XCConfigurationList;
			buildConfigurations = (
				F36139FA2CBFC87B00AC7BCD /* Debug */,
				F36139FB2CBFC87B00AC7BCD /* Release */,
			);
			defaultConfigurationIsVisible = 0;
			defaultConfigurationName = Release;
		};
		F36139F72CBFC87B00AC7BCD /* Build configuration list for PBXNativeTarget "KnowUrBMI" */ = {
			isa = XCConfigurationList;
			buildConfigurations = (
				F36139F82CBFC87B00AC7BCD /* Debug */,
				F36139F92CBFC87B00AC7BCD /* Release */,
			);
			defaultConfigurationIsVisible = 0;
			defaultConfigurationName = Release;
		};
/* End XCConfigurationList section */
	};
	rootObject = F36139C62CBFC87800AC7BCD /* Project object */;
}
